
Microsoft Visual Studio Solution File, Format Version 12.00
# Visual Studio Version 17
VisualStudioVersion = 17.5.002.0
MinimumVisualStudioVersion = 10.0.40219.1
Project("{9A19103F-16F7-4668-BE54-9A1E7A4F7556}") = "Calculadora", "Calculadora\Calculadora.csproj", "{D7A2FBBA-4263-44FC-BE55-A4D806036EE8}"
EndProject
Project("{FAE04EC0-301F-11D3-BF4B-00C04F79EFBC}") = "CalculadoraTestes", "CalculadoraTestes\CalculadoraTestes.csproj", "{CBE2428F-4472-46D7-A53B-00A86FDAA6C9}"
EndProject
Global
	GlobalSection(SolutionConfigurationPlatforms) = preSolution
		Debug|Any CPU = Debug|Any CPU
		Release|Any CPU = Release|Any CPU
	EndGlobalSection
	GlobalSection(ProjectConfigurationPlatforms) = postSolution
		{D7A2FBBA-4263-44FC-BE55-A4D806036EE8}.Debug|Any CPU.ActiveCfg = Debug|Any CPU
		{D7A2FBBA-4263-44FC-BE55-A4D806036EE8}.Debug|Any CPU.Build.0 = Debug|Any CPU
		{D7A2FBBA-4263-44FC-BE55-A4D806036EE8}.Release|Any CPU.ActiveCfg = Release|Any CPU
		{D7A2FBBA-4263-44FC-BE55-A4D806036EE8}.Release|Any CPU.Build.0 = Release|Any CPU
		{CBE2428F-4472-46D7-A53B-00A86FDAA6C9}.Debug|Any CPU.ActiveCfg = Debug|Any CPU
		{CBE2428F-4472-46D7-A53B-00A86FDAA6C9}.Debug|Any CPU.Build.0 = Debug|Any CPU
		{CBE2428F-4472-46D7-A53B-00A86FDAA6C9}.Release|Any CPU.ActiveCfg = Release|Any CPU
		{CBE2428F-4472-46D7-A53B-00A86FDAA6C9}.Release|Any CPU.Build.0 = Release|Any CPU
	EndGlobalSection
	GlobalSection(SolutionProperties) = preSolution
		HideSolutionNode = FALSE
	EndGlobalSection
	GlobalSection(ExtensibilityGlobals) = postSolution
		SolutionGuid = {6A0AC521-1170-4BE3-A312-D5B3B259CB28}
	EndGlobalSection
EndGlobal
